# THIS IS AN AUTOGENERATED FILE. DO NOT EDIT THIS FILE DIRECTLY.
# yarn lockfile v1


"@incubateur-ademe/publicodes-tools@^0.2.1":
  version "0.2.1"
  resolved "https://registry.yarnpkg.com/@incubateur-ademe/publicodes-tools/-/publicodes-tools-0.2.1.tgz#94585b3f07c6c054e6ffd7ef44081a4624b8a851"
  integrity sha512-DFma9Jkwug7LQIGK1r8vjsmGZAc4m2EO8zbGF4DgCvFLe6fPz9ZpYAnLE9pisyS87AigxDgfRVm5UerFU9Be6g==
  dependencies:
    "@types/node" "^18.11.18"
    publicodes "^1.0.0-beta.71"

"@types/node@^18.11.18":
  version "18.17.14"
  resolved "https://registry.yarnpkg.com/@types/node/-/node-18.17.14.tgz#a621ad26e7eb076d6846dd3d39557ddf9d89f04b"
  integrity sha512-ZE/5aB73CyGqgQULkLG87N9GnyGe5TcQjv34pwS8tfBs1IkCh0ASM69mydb2znqd6v0eX+9Ytvk6oQRqu8T1Vw==

publicodes@^1.0.0-beta.71:
  version "1.0.0-beta.71"
  resolved "https://registry.yarnpkg.com/publicodes/-/publicodes-1.0.0-beta.71.tgz#662478db6460bf1348183c2e012c7b35b19a55c9"
  integrity sha512-m4JIdP3J1wncTmIAPFytZn2sv9y1vGL0BSJJdmsga8Un5q1GmRRZEo/BQGt8WKw2Mm8O14LuobdEV+g15h9Dcg==
